// !$*UTF8*$!
{
	archiveVersion = 1;
	classes = {
	};
	objectVersion = 55;
	objects = {

/* Begin PBXBuildFile section */
		8424A0F1276C598F00221CEE /* Kingfisher in Frameworks */ = {isa = PBXBuildFile; productRef = 8424A0F0276C598F00221CEE /* Kingfisher */; };
		8424A0F9276C5DE000221CEE /* SettingsBuilder.swift in Sources */ = {isa = PBXBuildFile; fileRef = 8424A0F3276C5DE000221CEE /* SettingsBuilder.swift */; };
		8424A0FA276C5DE000221CEE /* SettingsModel.swift in Sources */ = {isa = PBXBuildFile; fileRef = 8424A0F4276C5DE000221CEE /* SettingsModel.swift */; };
		8424A0FB276C5DE000221CEE /* SettingsViewController.swift in Sources */ = {isa = PBXBuildFile; fileRef = 8424A0F5276C5DE000221CEE /* SettingsViewController.swift */; };
		8424A0FC276C5DE000221CEE /* SettingsViewModel.swift in Sources */ = {isa = PBXBuildFile; fileRef = 8424A0F6276C5DE000221CEE /* SettingsViewModel.swift */; };
		8424A0FD276C5DE000221CEE /* SettingsView.swift in Sources */ = {isa = PBXBuildFile; fileRef = 8424A0F7276C5DE000221CEE /* SettingsView.swift */; };
		8424A0FE276C5DE000221CEE /* SettingsPresenter.swift in Sources */ = {isa = PBXBuildFile; fileRef = 8424A0F8276C5DE000221CEE /* SettingsPresenter.swift */; };
		8424A100276C5E4E00221CEE /* Enums.swift in Sources */ = {isa = PBXBuildFile; fileRef = 8424A0FF276C5E4E00221CEE /* Enums.swift */; };
		845EDDC32770C18900B3F68A /* Extension-UIFont.swift in Sources */ = {isa = PBXBuildFile; fileRef = 845EDDC22770C18900B3F68A /* Extension-UIFont.swift */; };
		847044472767473C00F5C3AB /* MainTabBarBuilder.swift in Sources */ = {isa = PBXBuildFile; fileRef = 847044462767473C00F5C3AB /* MainTabBarBuilder.swift */; };
		847044492767515D00F5C3AB /* DependencyManager.swift in Sources */ = {isa = PBXBuildFile; fileRef = 847044482767515D00F5C3AB /* DependencyManager.swift */; };
		8470444E27675B8300F5C3AB /* CapsulesCollectionViewCell.swift in Sources */ = {isa = PBXBuildFile; fileRef = 8470444D27675B8300F5C3AB /* CapsulesCollectionViewCell.swift */; };
		8470445027675B9B00F5C3AB /* CapsulesCollectionView.swift in Sources */ = {isa = PBXBuildFile; fileRef = 8470444F27675B9B00F5C3AB /* CapsulesCollectionView.swift */; };
		8470445827678FE000F5C3AB /* CapsuleDetailsModel.swift in Sources */ = {isa = PBXBuildFile; fileRef = 8470445227678FE000F5C3AB /* CapsuleDetailsModel.swift */; };
		8470445927678FE000F5C3AB /* CapsuleDetailsViewController.swift in Sources */ = {isa = PBXBuildFile; fileRef = 8470445327678FE000F5C3AB /* CapsuleDetailsViewController.swift */; };
		8470445A27678FE000F5C3AB /* CapsuleDetailsViewModel.swift in Sources */ = {isa = PBXBuildFile; fileRef = 8470445427678FE000F5C3AB /* CapsuleDetailsViewModel.swift */; };
		8470445C27678FE000F5C3AB /* CapsuleDetailsPresenter.swift in Sources */ = {isa = PBXBuildFile; fileRef = 8470445627678FE000F5C3AB /* CapsuleDetailsPresenter.swift */; };
		847044612767ABC300F5C3AB /* CapsuleDetailsTableView.swift in Sources */ = {isa = PBXBuildFile; fileRef = 847044602767ABC300F5C3AB /* CapsuleDetailsTableView.swift */; };
		847044632767B7D200F5C3AB /* Extensions.swift in Sources */ = {isa = PBXBuildFile; fileRef = 847044622767B7D200F5C3AB /* Extensions.swift */; };
		847044652767B89100F5C3AB /* CapsuleDetailsTableViewCell.swift in Sources */ = {isa = PBXBuildFile; fileRef = 847044642767B89100F5C3AB /* CapsuleDetailsTableViewCell.swift */; };
		8477B5FB276630B000B9100B /* Moya in Frameworks */ = {isa = PBXBuildFile; productRef = 8477B5FA276630B000B9100B /* Moya */; };
		8477B5FD276632E600B9100B /* SpaceXDataService.swift in Sources */ = {isa = PBXBuildFile; fileRef = 8477B5FC276632E600B9100B /* SpaceXDataService.swift */; };
		8477B5FF2766373100B9100B /* CapsuleMo.swift in Sources */ = {isa = PBXBuildFile; fileRef = 8477B5FE2766373100B9100B /* CapsuleMo.swift */; };
		8477B6012766373C00B9100B /* LaunchMo.swift in Sources */ = {isa = PBXBuildFile; fileRef = 8477B6002766373C00B9100B /* LaunchMo.swift */; };
		8477B6032766388400B9100B /* NetworkHelpers.swift in Sources */ = {isa = PBXBuildFile; fileRef = 8477B6022766388400B9100B /* NetworkHelpers.swift */; };
		8477B60C2766567D00B9100B /* LaunchesBuilder.swift in Sources */ = {isa = PBXBuildFile; fileRef = 8477B6062766567D00B9100B /* LaunchesBuilder.swift */; };
		8477B60E2766567D00B9100B /* LaunchesViewController.swift in Sources */ = {isa = PBXBuildFile; fileRef = 8477B6082766567D00B9100B /* LaunchesViewController.swift */; };
		8477B60F2766567D00B9100B /* LaunchesViewModel.swift in Sources */ = {isa = PBXBuildFile; fileRef = 8477B6092766567D00B9100B /* LaunchesViewModel.swift */; };
		8477B6102766567D00B9100B /* LaunchesTableView.swift in Sources */ = {isa = PBXBuildFile; fileRef = 8477B60A2766567D00B9100B /* LaunchesTableView.swift */; };
		8477B6112766567D00B9100B /* LaunchesPresenter.swift in Sources */ = {isa = PBXBuildFile; fileRef = 8477B60B2766567D00B9100B /* LaunchesPresenter.swift */; };
		8477B614276656C400B9100B /* Router.swift in Sources */ = {isa = PBXBuildFile; fileRef = 8477B613276656C400B9100B /* Router.swift */; };
		8477B61C276657E500B9100B /* CapsulesBuilder.swift in Sources */ = {isa = PBXBuildFile; fileRef = 8477B616276657E500B9100B /* CapsulesBuilder.swift */; };
		8477B61E276657E500B9100B /* CapsulesViewController.swift in Sources */ = {isa = PBXBuildFile; fileRef = 8477B618276657E500B9100B /* CapsulesViewController.swift */; };
		8477B61F276657E500B9100B /* CapsulesViewModel.swift in Sources */ = {isa = PBXBuildFile; fileRef = 8477B619276657E500B9100B /* CapsulesViewModel.swift */; };
		8477B621276657E500B9100B /* CapsulesPresenter.swift in Sources */ = {isa = PBXBuildFile; fileRef = 8477B61B276657E500B9100B /* CapsulesPresenter.swift */; };
		84974090276C8A8F00D23CC7 /* LaunchesTableViewCell.swift in Sources */ = {isa = PBXBuildFile; fileRef = 8497408F276C8A8F00D23CC7 /* LaunchesTableViewCell.swift */; };
		849BC3B4276384C20094A929 /* AppDelegate.swift in Sources */ = {isa = PBXBuildFile; fileRef = 849BC3B3276384C20094A929 /* AppDelegate.swift */; };
		849BC3B6276384C20094A929 /* SceneDelegate.swift in Sources */ = {isa = PBXBuildFile; fileRef = 849BC3B5276384C20094A929 /* SceneDelegate.swift */; };
		849BC3B8276384C20094A929 /* MainTabBarController.swift in Sources */ = {isa = PBXBuildFile; fileRef = 849BC3B7276384C20094A929 /* MainTabBarController.swift */; };
		849BC3BD276384C40094A929 /* Assets.xcassets in Resources */ = {isa = PBXBuildFile; fileRef = 849BC3BC276384C40094A929 /* Assets.xcassets */; };
		849BC3C0276384C40094A929 /* LaunchScreen.storyboard in Resources */ = {isa = PBXBuildFile; fileRef = 849BC3BE276384C40094A929 /* LaunchScreen.storyboard */; };
		849BC3E5276398D60094A929 /* BaseViewController.swift in Sources */ = {isa = PBXBuildFile; fileRef = 849BC3E4276398D60094A929 /* BaseViewController.swift */; };
		849BC3E7276398E40094A929 /* BaseLoaderViewController.swift in Sources */ = {isa = PBXBuildFile; fileRef = 849BC3E6276398E40094A929 /* BaseLoaderViewController.swift */; };
		849BC3EB2763995F0094A929 /* Extension-UIView.swift in Sources */ = {isa = PBXBuildFile; fileRef = 849BC3EA2763995F0094A929 /* Extension-UIView.swift */; };
		849BC3ED276399700094A929 /* Extension-UIViewController.swift in Sources */ = {isa = PBXBuildFile; fileRef = 849BC3EC276399700094A929 /* Extension-UIViewController.swift */; };
		849BC3EF276399EB0094A929 /* Extension-UIColor.swift in Sources */ = {isa = PBXBuildFile; fileRef = 849BC3EE276399EB0094A929 /* Extension-UIColor.swift */; };
		849BC3F32763A4CB0094A929 /* SpaceXDataAPI.swift in Sources */ = {isa = PBXBuildFile; fileRef = 849BC3F22763A4CB0094A929 /* SpaceXDataAPI.swift */; };
		849BC3FA2763A6C20094A929 /* Constants.swift in Sources */ = {isa = PBXBuildFile; fileRef = 849BC3F92763A6C20094A929 /* Constants.swift */; };
		84ADE61B2770DE4A00C5D3DB /* CapsuleDetailsCellViewModel.swift in Sources */ = {isa = PBXBuildFile; fileRef = 84ADE61A2770DE4A00C5D3DB /* CapsuleDetailsCellViewModel.swift */; };
		84ADE61D2770DE8A00C5D3DB /* CapsuleCellViewModel.swift in Sources */ = {isa = PBXBuildFile; fileRef = 84ADE61C2770DE8A00C5D3DB /* CapsuleCellViewModel.swift */; };
		84ADE6212770DECB00C5D3DB /* LaunchesCellViewModel.swift in Sources */ = {isa = PBXBuildFile; fileRef = 84ADE6202770DECB00C5D3DB /* LaunchesCellViewModel.swift */; };
/* End PBXBuildFile section */

/* Begin PBXFileReference section */
		8424A0F3276C5DE000221CEE /* SettingsBuilder.swift */ = {isa = PBXFileReference; lastKnownFileType = sourcecode.swift; path = SettingsBuilder.swift; sourceTree = "<group>"; };
		8424A0F4276C5DE000221CEE /* SettingsModel.swift */ = {isa = PBXFileReference; lastKnownFileType = sourcecode.swift; path = SettingsModel.swift; sourceTree = "<group>"; };
		8424A0F5276C5DE000221CEE /* SettingsViewController.swift */ = {isa = PBXFileReference; lastKnownFileType = sourcecode.swift; path = SettingsViewController.swift; sourceTree = "<group>"; };
		8424A0F6276C5DE000221CEE /* SettingsViewModel.swift */ = {isa = PBXFileReference; lastKnownFileType = sourcecode.swift; path = SettingsViewModel.swift; sourceTree = "<group>"; };
		8424A0F7276C5DE000221CEE /* SettingsView.swift */ = {isa = PBXFileReference; lastKnownFileType = sourcecode.swift; path = SettingsView.swift; sourceTree = "<group>"; };
		8424A0F8276C5DE000221CEE /* SettingsPresenter.swift */ = {isa = PBXFileReference; lastKnownFileType = sourcecode.swift; path = SettingsPresenter.swift; sourceTree = "<group>"; };
		8424A0FF276C5E4E00221CEE /* Enums.swift */ = {isa = PBXFileReference; lastKnownFileType = sourcecode.swift; path = Enums.swift; sourceTree = "<group>"; };
		845EDDC22770C18900B3F68A /* Extension-UIFont.swift */ = {isa = PBXFileReference; lastKnownFileType = sourcecode.swift; path = "Extension-UIFont.swift"; sourceTree = "<group>"; };
		847044462767473C00F5C3AB /* MainTabBarBuilder.swift */ = {isa = PBXFileReference; lastKnownFileType = sourcecode.swift; path = MainTabBarBuilder.swift; sourceTree = "<group>"; };
		847044482767515D00F5C3AB /* DependencyManager.swift */ = {isa = PBXFileReference; lastKnownFileType = sourcecode.swift; path = DependencyManager.swift; sourceTree = "<group>"; };
		8470444D27675B8300F5C3AB /* CapsulesCollectionViewCell.swift */ = {isa = PBXFileReference; lastKnownFileType = sourcecode.swift; path = CapsulesCollectionViewCell.swift; sourceTree = "<group>"; };
		8470444F27675B9B00F5C3AB /* CapsulesCollectionView.swift */ = {isa = PBXFileReference; lastKnownFileType = sourcecode.swift; path = CapsulesCollectionView.swift; sourceTree = "<group>"; };
		8470445227678FE000F5C3AB /* CapsuleDetailsModel.swift */ = {isa = PBXFileReference; lastKnownFileType = sourcecode.swift; path = CapsuleDetailsModel.swift; sourceTree = "<group>"; };
		8470445327678FE000F5C3AB /* CapsuleDetailsViewController.swift */ = {isa = PBXFileReference; lastKnownFileType = sourcecode.swift; path = CapsuleDetailsViewController.swift; sourceTree = "<group>"; };
		8470445427678FE000F5C3AB /* CapsuleDetailsViewModel.swift */ = {isa = PBXFileReference; lastKnownFileType = sourcecode.swift; path = CapsuleDetailsViewModel.swift; sourceTree = "<group>"; };
		8470445627678FE000F5C3AB /* CapsuleDetailsPresenter.swift */ = {isa = PBXFileReference; lastKnownFileType = sourcecode.swift; path = CapsuleDetailsPresenter.swift; sourceTree = "<group>"; };
		847044602767ABC300F5C3AB /* CapsuleDetailsTableView.swift */ = {isa = PBXFileReference; lastKnownFileType = sourcecode.swift; path = CapsuleDetailsTableView.swift; sourceTree = "<group>"; };
		847044622767B7D200F5C3AB /* Extensions.swift */ = {isa = PBXFileReference; lastKnownFileType = sourcecode.swift; path = Extensions.swift; sourceTree = "<group>"; };
		847044642767B89100F5C3AB /* CapsuleDetailsTableViewCell.swift */ = {isa = PBXFileReference; lastKnownFileType = sourcecode.swift; path = CapsuleDetailsTableViewCell.swift; sourceTree = "<group>"; };
		8477B5FC276632E600B9100B /* SpaceXDataService.swift */ = {isa = PBXFileReference; lastKnownFileType = sourcecode.swift; path = SpaceXDataService.swift; sourceTree = "<group>"; };
		8477B5FE2766373100B9100B /* CapsuleMo.swift */ = {isa = PBXFileReference; lastKnownFileType = sourcecode.swift; path = CapsuleMo.swift; sourceTree = "<group>"; };
		8477B6002766373C00B9100B /* LaunchMo.swift */ = {isa = PBXFileReference; lastKnownFileType = sourcecode.swift; path = LaunchMo.swift; sourceTree = "<group>"; };
		8477B6022766388400B9100B /* NetworkHelpers.swift */ = {isa = PBXFileReference; lastKnownFileType = sourcecode.swift; path = NetworkHelpers.swift; sourceTree = "<group>"; };
		8477B6062766567D00B9100B /* LaunchesBuilder.swift */ = {isa = PBXFileReference; lastKnownFileType = sourcecode.swift; path = LaunchesBuilder.swift; sourceTree = "<group>"; };
		8477B6082766567D00B9100B /* LaunchesViewController.swift */ = {isa = PBXFileReference; lastKnownFileType = sourcecode.swift; path = LaunchesViewController.swift; sourceTree = "<group>"; };
		8477B6092766567D00B9100B /* LaunchesViewModel.swift */ = {isa = PBXFileReference; lastKnownFileType = sourcecode.swift; path = LaunchesViewModel.swift; sourceTree = "<group>"; };
		8477B60A2766567D00B9100B /* LaunchesTableView.swift */ = {isa = PBXFileReference; lastKnownFileType = sourcecode.swift; path = LaunchesTableView.swift; sourceTree = "<group>"; };
		8477B60B2766567D00B9100B /* LaunchesPresenter.swift */ = {isa = PBXFileReference; lastKnownFileType = sourcecode.swift; path = LaunchesPresenter.swift; sourceTree = "<group>"; };
		8477B613276656C400B9100B /* Router.swift */ = {isa = PBXFileReference; lastKnownFileType = sourcecode.swift; path = Router.swift; sourceTree = "<group>"; };
		8477B616276657E500B9100B /* CapsulesBuilder.swift */ = {isa = PBXFileReference; lastKnownFileType = sourcecode.swift; path = CapsulesBuilder.swift; sourceTree = "<group>"; };
		8477B618276657E500B9100B /* CapsulesViewController.swift */ = {isa = PBXFileReference; lastKnownFileType = sourcecode.swift; path = CapsulesViewController.swift; sourceTree = "<group>"; };
		8477B619276657E500B9100B /* CapsulesViewModel.swift */ = {isa = PBXFileReference; lastKnownFileType = sourcecode.swift; path = CapsulesViewModel.swift; sourceTree = "<group>"; };
		8477B61B276657E500B9100B /* CapsulesPresenter.swift */ = {isa = PBXFileReference; lastKnownFileType = sourcecode.swift; path = CapsulesPresenter.swift; sourceTree = "<group>"; };
		8497408F276C8A8F00D23CC7 /* LaunchesTableViewCell.swift */ = {isa = PBXFileReference; lastKnownFileType = sourcecode.swift; path = LaunchesTableViewCell.swift; sourceTree = "<group>"; };
		849BC3B0276384C20094A929 /* LaunchAppMVP+R+UIKit.app */ = {isa = PBXFileReference; explicitFileType = wrapper.application; includeInIndex = 0; path = "LaunchAppMVP+R+UIKit.app"; sourceTree = BUILT_PRODUCTS_DIR; };
		849BC3B3276384C20094A929 /* AppDelegate.swift */ = {isa = PBXFileReference; lastKnownFileType = sourcecode.swift; path = AppDelegate.swift; sourceTree = "<group>"; };
		849BC3B5276384C20094A929 /* SceneDelegate.swift */ = {isa = PBXFileReference; lastKnownFileType = sourcecode.swift; path = SceneDelegate.swift; sourceTree = "<group>"; };
		849BC3B7276384C20094A929 /* MainTabBarController.swift */ = {isa = PBXFileReference; lastKnownFileType = sourcecode.swift; path = MainTabBarController.swift; sourceTree = "<group>"; };
		849BC3BC276384C40094A929 /* Assets.xcassets */ = {isa = PBXFileReference; lastKnownFileType = folder.assetcatalog; path = Assets.xcassets; sourceTree = "<group>"; };
		849BC3BF276384C40094A929 /* Base */ = {isa = PBXFileReference; lastKnownFileType = file.storyboard; name = Base; path = Base.lproj/LaunchScreen.storyboard; sourceTree = "<group>"; };
		849BC3C1276384C40094A929 /* Info.plist */ = {isa = PBXFileReference; lastKnownFileType = text.plist.xml; path = Info.plist; sourceTree = "<group>"; };
		849BC3E4276398D60094A929 /* BaseViewController.swift */ = {isa = PBXFileReference; lastKnownFileType = sourcecode.swift; path = BaseViewController.swift; sourceTree = "<group>"; };
		849BC3E6276398E40094A929 /* BaseLoaderViewController.swift */ = {isa = PBXFileReference; lastKnownFileType = sourcecode.swift; path = BaseLoaderViewController.swift; sourceTree = "<group>"; };
		849BC3EA2763995F0094A929 /* Extension-UIView.swift */ = {isa = PBXFileReference; lastKnownFileType = sourcecode.swift; path = "Extension-UIView.swift"; sourceTree = "<group>"; };
		849BC3EC276399700094A929 /* Extension-UIViewController.swift */ = {isa = PBXFileReference; lastKnownFileType = sourcecode.swift; path = "Extension-UIViewController.swift"; sourceTree = "<group>"; };
		849BC3EE276399EB0094A929 /* Extension-UIColor.swift */ = {isa = PBXFileReference; lastKnownFileType = sourcecode.swift; path = "Extension-UIColor.swift"; sourceTree = "<group>"; };
		849BC3F22763A4CB0094A929 /* SpaceXDataAPI.swift */ = {isa = PBXFileReference; lastKnownFileType = sourcecode.swift; path = SpaceXDataAPI.swift; sourceTree = "<group>"; };
		849BC3F92763A6C20094A929 /* Constants.swift */ = {isa = PBXFileReference; lastKnownFileType = sourcecode.swift; path = Constants.swift; sourceTree = "<group>"; };
		84ADE61A2770DE4A00C5D3DB /* CapsuleDetailsCellViewModel.swift */ = {isa = PBXFileReference; lastKnownFileType = sourcecode.swift; path = CapsuleDetailsCellViewModel.swift; sourceTree = "<group>"; };
		84ADE61C2770DE8A00C5D3DB /* CapsuleCellViewModel.swift */ = {isa = PBXFileReference; lastKnownFileType = sourcecode.swift; path = CapsuleCellViewModel.swift; sourceTree = "<group>"; };
		84ADE6202770DECB00C5D3DB /* LaunchesCellViewModel.swift */ = {isa = PBXFileReference; lastKnownFileType = sourcecode.swift; path = LaunchesCellViewModel.swift; sourceTree = "<group>"; };
/* End PBXFileReference section */

/* Begin PBXFrameworksBuildPhase section */
		849BC3AD276384C20094A929 /* Frameworks */ = {
			isa = PBXFrameworksBuildPhase;
			buildActionMask = 2147483647;
			files = (
				8424A0F1276C598F00221CEE /* Kingfisher in Frameworks */,
				8477B5FB276630B000B9100B /* Moya in Frameworks */,
			);
			runOnlyForDeploymentPostprocessing = 0;
		};
/* End PBXFrameworksBuildPhase section */

/* Begin PBXGroup section */
		8424A0F2276C5BC800221CEE /* Settings */ = {
			isa = PBXGroup;
			children = (
				8424A0F3276C5DE000221CEE /* SettingsBuilder.swift */,
				8424A0F8276C5DE000221CEE /* SettingsPresenter.swift */,
				8424A0F4276C5DE000221CEE /* SettingsModel.swift */,
				8424A0F6276C5DE000221CEE /* SettingsViewModel.swift */,
				84ADE6222770DEF200C5D3DB /* View */,
			);
			path = Settings;
			sourceTree = "<group>";
		};
		845EDDC02770C0D700B3F68A /* MainTabBar */ = {
			isa = PBXGroup;
			children = (
				849BC3B7276384C20094A929 /* MainTabBarController.swift */,
				847044462767473C00F5C3AB /* MainTabBarBuilder.swift */,
			);
			path = MainTabBar;
			sourceTree = "<group>";
		};
		845EDDC12770C0F600B3F68A /* UI */ = {
			isa = PBXGroup;
			children = (
				849BC3E4276398D60094A929 /* BaseViewController.swift */,
				849BC3E6276398E40094A929 /* BaseLoaderViewController.swift */,
			);
			path = UI;
			sourceTree = "<group>";
		};
		8470444C27675B6D00F5C3AB /* View */ = {
			isa = PBXGroup;
			children = (
				8477B618276657E500B9100B /* CapsulesViewController.swift */,
				8470444D27675B8300F5C3AB /* CapsulesCollectionViewCell.swift */,
				8470444F27675B9B00F5C3AB /* CapsulesCollectionView.swift */,
			);
			path = View;
			sourceTree = "<group>";
		};
		8470445D27678FE600F5C3AB /* CapsuleDetails */ = {
			isa = PBXGroup;
			children = (
				8470445627678FE000F5C3AB /* CapsuleDetailsPresenter.swift */,
				8470445227678FE000F5C3AB /* CapsuleDetailsModel.swift */,
				8470445F2767ABAC00F5C3AB /* View */,
				84ADE6192770DE3200C5D3DB /* ViewModel */,
			);
			path = CapsuleDetails;
			sourceTree = "<group>";
		};
		8470445E2767901F00F5C3AB /* Capsules */ = {
			isa = PBXGroup;
			children = (
				8477B61B276657E500B9100B /* CapsulesPresenter.swift */,
				8470444C27675B6D00F5C3AB /* View */,
				84ADE61E2770DE9C00C5D3DB /* ViewModel */,
			);
			path = Capsules;
			sourceTree = "<group>";
		};
		8470445F2767ABAC00F5C3AB /* View */ = {
			isa = PBXGroup;
			children = (
				8470445327678FE000F5C3AB /* CapsuleDetailsViewController.swift */,
				847044602767ABC300F5C3AB /* CapsuleDetailsTableView.swift */,
				847044642767B89100F5C3AB /* CapsuleDetailsTableViewCell.swift */,
			);
			path = View;
			sourceTree = "<group>";
		};
		8477B6042766563800B9100B /* Models */ = {
			isa = PBXGroup;
			children = (
				8477B5FE2766373100B9100B /* CapsuleMo.swift */,
				8477B6002766373C00B9100B /* LaunchMo.swift */,
			);
			path = Models;
			sourceTree = "<group>";
		};
		8477B6052766564E00B9100B /* Modules */ = {
			isa = PBXGroup;
			children = (
				845EDDC02770C0D700B3F68A /* MainTabBar */,
				8424A0F2276C5BC800221CEE /* Settings */,
				8477B6122766568200B9100B /* Launches */,
				8477B615276657D500B9100B /* Capsules */,
			);
			path = Modules;
			sourceTree = "<group>";
		};
		8477B6122766568200B9100B /* Launches */ = {
			isa = PBXGroup;
			children = (
				8477B6062766567D00B9100B /* LaunchesBuilder.swift */,
				8477B60B2766567D00B9100B /* LaunchesPresenter.swift */,
				84ADE61F2770DEB400C5D3DB /* ViewModel */,
				8497408E276C8A6900D23CC7 /* View */,
			);
			path = Launches;
			sourceTree = "<group>";
		};
		8477B615276657D500B9100B /* Capsules */ = {
			isa = PBXGroup;
			children = (
				8477B616276657E500B9100B /* CapsulesBuilder.swift */,
				8470445E2767901F00F5C3AB /* Capsules */,
				8470445D27678FE600F5C3AB /* CapsuleDetails */,
			);
			path = Capsules;
			sourceTree = "<group>";
		};
		8497408E276C8A6900D23CC7 /* View */ = {
			isa = PBXGroup;
			children = (
				8477B6082766567D00B9100B /* LaunchesViewController.swift */,
				8477B60A2766567D00B9100B /* LaunchesTableView.swift */,
				8497408F276C8A8F00D23CC7 /* LaunchesTableViewCell.swift */,
			);
			path = View;
			sourceTree = "<group>";
		};
		849BC3A7276384C20094A929 = {
			isa = PBXGroup;
			children = (
				849BC3B2276384C20094A929 /* LaunchAppMVP+R+UIKit */,
				849BC3B1276384C20094A929 /* Products */,
			);
			sourceTree = "<group>";
		};
		849BC3B1276384C20094A929 /* Products */ = {
			isa = PBXGroup;
			children = (
				849BC3B0276384C20094A929 /* LaunchAppMVP+R+UIKit.app */,
			);
			name = Products;
			sourceTree = "<group>";
		};
		849BC3B2276384C20094A929 /* LaunchAppMVP+R+UIKit */ = {
			isa = PBXGroup;
			children = (
				8477B6052766564E00B9100B /* Modules */,
				849BC3F12763A4BB0094A929 /* Service */,
				849BC3F027639A150094A929 /* Utils */,
				845EDDC12770C0F600B3F68A /* UI */,
				849BC3E3276398CB0094A929 /* Core */,
			);
			path = "LaunchAppMVP+R+UIKit";
			sourceTree = "<group>";
		};
		849BC3E3276398CB0094A929 /* Core */ = {
			isa = PBXGroup;
			children = (
				8477B613276656C400B9100B /* Router.swift */,
				849BC3B3276384C20094A929 /* AppDelegate.swift */,
				849BC3B5276384C20094A929 /* SceneDelegate.swift */,
				849BC3BC276384C40094A929 /* Assets.xcassets */,
				849BC3BE276384C40094A929 /* LaunchScreen.storyboard */,
				849BC3C1276384C40094A929 /* Info.plist */,
			);
			path = Core;
			sourceTree = "<group>";
		};
		849BC3F027639A150094A929 /* Utils */ = {
			isa = PBXGroup;
			children = (
				849BC3F92763A6C20094A929 /* Constants.swift */,
				8424A0FF276C5E4E00221CEE /* Enums.swift */,
				847044622767B7D200F5C3AB /* Extensions.swift */,
				849BC3EA2763995F0094A929 /* Extension-UIView.swift */,
				849BC3EC276399700094A929 /* Extension-UIViewController.swift */,
				845EDDC22770C18900B3F68A /* Extension-UIFont.swift */,
				849BC3EE276399EB0094A929 /* Extension-UIColor.swift */,
				847044482767515D00F5C3AB /* DependencyManager.swift */,
			);
			path = Utils;
			sourceTree = "<group>";
		};
		849BC3F12763A4BB0094A929 /* Service */ = {
			isa = PBXGroup;
			children = (
				8477B6042766563800B9100B /* Models */,
				849BC3F22763A4CB0094A929 /* SpaceXDataAPI.swift */,
				8477B5FC276632E600B9100B /* SpaceXDataService.swift */,
				8477B6022766388400B9100B /* NetworkHelpers.swift */,
			);
			path = Service;
			sourceTree = "<group>";
		};
		84ADE6192770DE3200C5D3DB /* ViewModel */ = {
			isa = PBXGroup;
			children = (
				8470445427678FE000F5C3AB /* CapsuleDetailsViewModel.swift */,
				84ADE61A2770DE4A00C5D3DB /* CapsuleDetailsCellViewModel.swift */,
			);
			path = ViewModel;
			sourceTree = "<group>";
		};
		84ADE61E2770DE9C00C5D3DB /* ViewModel */ = {
			isa = PBXGroup;
			children = (
				8477B619276657E500B9100B /* CapsulesViewModel.swift */,
				84ADE61C2770DE8A00C5D3DB /* CapsuleCellViewModel.swift */,
			);
			path = ViewModel;
			sourceTree = "<group>";
		};
		84ADE61F2770DEB400C5D3DB /* ViewModel */ = {
			isa = PBXGroup;
			children = (
				84ADE6202770DECB00C5D3DB /* LaunchesCellViewModel.swift */,
				8477B6092766567D00B9100B /* LaunchesViewModel.swift */,
			);
			path = ViewModel;
			sourceTree = "<group>";
		};
		84ADE6222770DEF200C5D3DB /* View */ = {
			isa = PBXGroup;
			children = (
				8424A0F5276C5DE000221CEE /* SettingsViewController.swift */,
				8424A0F7276C5DE000221CEE /* SettingsView.swift */,
			);
			path = View;
			sourceTree = "<group>";
		};
/* End PBXGroup section */

/* Begin PBXNativeTarget section */
		849BC3AF276384C20094A929 /* LaunchAppMVP+R+UIKit */ = {
			isa = PBXNativeTarget;
			buildConfigurationList = 849BC3DA276384C40094A929 /* Build configuration list for PBXNativeTarget "LaunchAppMVP+R+UIKit" */;
			buildPhases = (
				849BC3AC276384C20094A929 /* Sources */,
				849BC3AD276384C20094A929 /* Frameworks */,
				849BC3AE276384C20094A929 /* Resources */,
			);
			buildRules = (
			);
			dependencies = (
			);
			name = "LaunchAppMVP+R+UIKit";
			packageProductDependencies = (
				8477B5FA276630B000B9100B /* Moya */,
				8424A0F0276C598F00221CEE /* Kingfisher */,
			);
			productName = "LaunchAppMVP+R+UIKit";
			productReference = 849BC3B0276384C20094A929 /* LaunchAppMVP+R+UIKit.app */;
			productType = "com.apple.product-type.application";
		};
/* End PBXNativeTarget section */

/* Begin PBXProject section */
		849BC3A8276384C20094A929 /* Project object */ = {
			isa = PBXProject;
			attributes = {
				BuildIndependentTargetsInParallel = 1;
				LastSwiftUpdateCheck = 1300;
				LastUpgradeCheck = 1300;
				TargetAttributes = {
					849BC3AF276384C20094A929 = {
						CreatedOnToolsVersion = 13.0;
					};
				};
			};
			buildConfigurationList = 849BC3AB276384C20094A929 /* Build configuration list for PBXProject "LaunchAppMVP+R+UIKit" */;
			compatibilityVersion = "Xcode 13.0";
			developmentRegion = en;
			hasScannedForEncodings = 0;
			knownRegions = (
				en,
				Base,
			);
			mainGroup = 849BC3A7276384C20094A929;
			packageReferences = (
				8477B5F9276630B000B9100B /* XCRemoteSwiftPackageReference "Moya" */,
				8424A0EF276C598F00221CEE /* XCRemoteSwiftPackageReference "Kingfisher" */,
			);
			productRefGroup = 849BC3B1276384C20094A929 /* Products */;
			projectDirPath = "";
			projectRoot = "";
			targets = (
				849BC3AF276384C20094A929 /* LaunchAppMVP+R+UIKit */,
			);
		};
/* End PBXProject section */

/* Begin PBXResourcesBuildPhase section */
		849BC3AE276384C20094A929 /* Resources */ = {
			isa = PBXResourcesBuildPhase;
			buildActionMask = 2147483647;
			files = (
				849BC3C0276384C40094A929 /* LaunchScreen.storyboard in Resources */,
				849BC3BD276384C40094A929 /* Assets.xcassets in Resources */,
			);
			runOnlyForDeploymentPostprocessing = 0;
		};
/* End PBXResourcesBuildPhase section */

/* Begin PBXSourcesBuildPhase section */
		849BC3AC276384C20094A929 /* Sources */ = {
			isa = PBXSourcesBuildPhase;
			buildActionMask = 2147483647;
			files = (
				8477B60C2766567D00B9100B /* LaunchesBuilder.swift in Sources */,
				847044492767515D00F5C3AB /* DependencyManager.swift in Sources */,
				849BC3E7276398E40094A929 /* BaseLoaderViewController.swift in Sources */,
				8477B621276657E500B9100B /* CapsulesPresenter.swift in Sources */,
				8424A0FD276C5DE000221CEE /* SettingsView.swift in Sources */,
				8477B60F2766567D00B9100B /* LaunchesViewModel.swift in Sources */,
				84ADE61D2770DE8A00C5D3DB /* CapsuleCellViewModel.swift in Sources */,
				849BC3EF276399EB0094A929 /* Extension-UIColor.swift in Sources */,
				8477B6112766567D00B9100B /* LaunchesPresenter.swift in Sources */,
				8477B61E276657E500B9100B /* CapsulesViewController.swift in Sources */,
				849BC3ED276399700094A929 /* Extension-UIViewController.swift in Sources */,
				849BC3B8276384C20094A929 /* MainTabBarController.swift in Sources */,
				8470445A27678FE000F5C3AB /* CapsuleDetailsViewModel.swift in Sources */,
				847044612767ABC300F5C3AB /* CapsuleDetailsTableView.swift in Sources */,
				8470445927678FE000F5C3AB /* CapsuleDetailsViewController.swift in Sources */,
				847044652767B89100F5C3AB /* CapsuleDetailsTableViewCell.swift in Sources */,
				84974090276C8A8F00D23CC7 /* LaunchesTableViewCell.swift in Sources */,
				8424A0FC276C5DE000221CEE /* SettingsViewModel.swift in Sources */,
				8477B61F276657E500B9100B /* CapsulesViewModel.swift in Sources */,
				849BC3EB2763995F0094A929 /* Extension-UIView.swift in Sources */,
				8477B5FD276632E600B9100B /* SpaceXDataService.swift in Sources */,
				847044472767473C00F5C3AB /* MainTabBarBuilder.swift in Sources */,
				8424A0F9276C5DE000221CEE /* SettingsBuilder.swift in Sources */,
				8424A100276C5E4E00221CEE /* Enums.swift in Sources */,
				8424A0FA276C5DE000221CEE /* SettingsModel.swift in Sources */,
				8477B614276656C400B9100B /* Router.swift in Sources */,
				849BC3FA2763A6C20094A929 /* Constants.swift in Sources */,
				8424A0FB276C5DE000221CEE /* SettingsViewController.swift in Sources */,
				847044632767B7D200F5C3AB /* Extensions.swift in Sources */,
				8470444E27675B8300F5C3AB /* CapsulesCollectionViewCell.swift in Sources */,
				8477B6012766373C00B9100B /* LaunchMo.swift in Sources */,
				8477B61C276657E500B9100B /* CapsulesBuilder.swift in Sources */,
				8477B6102766567D00B9100B /* LaunchesTableView.swift in Sources */,
				8477B6032766388400B9100B /* NetworkHelpers.swift in Sources */,
				8477B5FF2766373100B9100B /* CapsuleMo.swift in Sources */,
				849BC3E5276398D60094A929 /* BaseViewController.swift in Sources */,
				849BC3B4276384C20094A929 /* AppDelegate.swift in Sources */,
				845EDDC32770C18900B3F68A /* Extension-UIFont.swift in Sources */,
				84ADE61B2770DE4A00C5D3DB /* CapsuleDetailsCellViewModel.swift in Sources */,
				8470445827678FE000F5C3AB /* CapsuleDetailsModel.swift in Sources */,
				84ADE6212770DECB00C5D3DB /* LaunchesCellViewModel.swift in Sources */,
				849BC3B6276384C20094A929 /* SceneDelegate.swift in Sources */,
				8477B60E2766567D00B9100B /* LaunchesViewController.swift in Sources */,
				8470445C27678FE000F5C3AB /* CapsuleDetailsPresenter.swift in Sources */,
				849BC3F32763A4CB0094A929 /* SpaceXDataAPI.swift in Sources */,
				8470445027675B9B00F5C3AB /* CapsulesCollectionView.swift in Sources */,
				8424A0FE276C5DE000221CEE /* SettingsPresenter.swift in Sources */,
			);
			runOnlyForDeploymentPostprocessing = 0;
		};
/* End PBXSourcesBuildPhase section */

/* Begin PBXVariantGroup section */
		849BC3BE276384C40094A929 /* LaunchScreen.storyboard */ = {
			isa = PBXVariantGroup;
			children = (
				849BC3BF276384C40094A929 /* Base */,
			);
			name = LaunchScreen.storyboard;
			sourceTree = "<group>";
		};
/* End PBXVariantGroup section */

/* Begin XCBuildConfiguration section */
		849BC3D8276384C40094A929 /* Debug */ = {
			isa = XCBuildConfiguration;
			buildSettings = {
				ALWAYS_SEARCH_USER_PATHS = NO;
				CLANG_ANALYZER_NONNULL = YES;
				CLANG_ANALYZER_NUMBER_OBJECT_CONVERSION = YES_AGGRESSIVE;
				CLANG_CXX_LANGUAGE_STANDARD = "gnu++17";
				CLANG_CXX_LIBRARY = "libc++";
				CLANG_ENABLE_MODULES = YES;
				CLANG_ENABLE_OBJC_ARC = YES;
				CLANG_ENABLE_OBJC_WEAK = YES;
				CLANG_WARN_BLOCK_CAPTURE_AUTORELEASING = YES;
				CLANG_WARN_BOOL_CONVERSION = YES;
				CLANG_WARN_COMMA = YES;
				CLANG_WARN_CONSTANT_CONVERSION = YES;
				CLANG_WARN_DEPRECATED_OBJC_IMPLEMENTATIONS = YES;
				CLANG_WARN_DIRECT_OBJC_ISA_USAGE = YES_ERROR;
				CLANG_WARN_DOCUMENTATION_COMMENTS = YES;
				CLANG_WARN_EMPTY_BODY = YES;
				CLANG_WARN_ENUM_CONVERSION = YES;
				CLANG_WARN_INFINITE_RECURSION = YES;
				CLANG_WARN_INT_CONVERSION = YES;
				CLANG_WARN_NON_LITERAL_NULL_CONVERSION = YES;
				CLANG_WARN_OBJC_IMPLICIT_RETAIN_SELF = YES;
				CLANG_WARN_OBJC_LITERAL_CONVERSION = YES;
				CLANG_WARN_OBJC_ROOT_CLASS = YES_ERROR;
				CLANG_WARN_QUOTED_INCLUDE_IN_FRAMEWORK_HEADER = YES;
				CLANG_WARN_RANGE_LOOP_ANALYSIS = YES;
				CLANG_WARN_STRICT_PROTOTYPES = YES;
				CLANG_WARN_SUSPICIOUS_MOVE = YES;
				CLANG_WARN_UNGUARDED_AVAILABILITY = YES_AGGRESSIVE;
				CLANG_WARN_UNREACHABLE_CODE = YES;
				CLANG_WARN__DUPLICATE_METHOD_MATCH = YES;
				COPY_PHASE_STRIP = NO;
				DEBUG_INFORMATION_FORMAT = dwarf;
				ENABLE_STRICT_OBJC_MSGSEND = YES;
				ENABLE_TESTABILITY = YES;
				GCC_C_LANGUAGE_STANDARD = gnu11;
				GCC_DYNAMIC_NO_PIC = NO;
				GCC_NO_COMMON_BLOCKS = YES;
				GCC_OPTIMIZATION_LEVEL = 0;
				GCC_PREPROCESSOR_DEFINITIONS = (
					"DEBUG=1",
					"$(inherited)",
				);
				GCC_WARN_64_TO_32_BIT_CONVERSION = YES;
				GCC_WARN_ABOUT_RETURN_TYPE = YES_ERROR;
				GCC_WARN_UNDECLARED_SELECTOR = YES;
				GCC_WARN_UNINITIALIZED_AUTOS = YES_AGGRESSIVE;
				GCC_WARN_UNUSED_FUNCTION = YES;
				GCC_WARN_UNUSED_VARIABLE = YES;
				IPHONEOS_DEPLOYMENT_TARGET = 15.0;
				MTL_ENABLE_DEBUG_INFO = INCLUDE_SOURCE;
				MTL_FAST_MATH = YES;
				ONLY_ACTIVE_ARCH = YES;
				SDKROOT = iphoneos;
				SWIFT_ACTIVE_COMPILATION_CONDITIONS = DEBUG;
				SWIFT_OPTIMIZATION_LEVEL = "-Onone";
			};
			name = Debug;
		};
		849BC3D9276384C40094A929 /* Release */ = {
			isa = XCBuildConfiguration;
			buildSettings = {
				ALWAYS_SEARCH_USER_PATHS = NO;
				CLANG_ANALYZER_NONNULL = YES;
				CLANG_ANALYZER_NUMBER_OBJECT_CONVERSION = YES_AGGRESSIVE;
				CLANG_CXX_LANGUAGE_STANDARD = "gnu++17";
				CLANG_CXX_LIBRARY = "libc++";
				CLANG_ENABLE_MODULES = YES;
				CLANG_ENABLE_OBJC_ARC = YES;
				CLANG_ENABLE_OBJC_WEAK = YES;
				CLANG_WARN_BLOCK_CAPTURE_AUTORELEASING = YES;
				CLANG_WARN_BOOL_CONVERSION = YES;
				CLANG_WARN_COMMA = YES;
				CLANG_WARN_CONSTANT_CONVERSION = YES;
				CLANG_WARN_DEPRECATED_OBJC_IMPLEMENTATIONS = YES;
				CLANG_WARN_DIRECT_OBJC_ISA_USAGE = YES_ERROR;
				CLANG_WARN_DOCUMENTATION_COMMENTS = YES;
				CLANG_WARN_EMPTY_BODY = YES;
				CLANG_WARN_ENUM_CONVERSION = YES;
				CLANG_WARN_INFINITE_RECURSION = YES;
				CLANG_WARN_INT_CONVERSION = YES;
				CLANG_WARN_NON_LITERAL_NULL_CONVERSION = YES;
				CLANG_WARN_OBJC_IMPLICIT_RETAIN_SELF = YES;
				CLANG_WARN_OBJC_LITERAL_CONVERSION = YES;
				CLANG_WARN_OBJC_ROOT_CLASS = YES_ERROR;
				CLANG_WARN_QUOTED_INCLUDE_IN_FRAMEWORK_HEADER = YES;
				CLANG_WARN_RANGE_LOOP_ANALYSIS = YES;
				CLANG_WARN_STRICT_PROTOTYPES = YES;
				CLANG_WARN_SUSPICIOUS_MOVE = YES;
				CLANG_WARN_UNGUARDED_AVAILABILITY = YES_AGGRESSIVE;
				CLANG_WARN_UNREACHABLE_CODE = YES;
				CLANG_WARN__DUPLICATE_METHOD_MATCH = YES;
				COPY_PHASE_STRIP = NO;
				DEBUG_INFORMATION_FORMAT = "dwarf-with-dsym";
				ENABLE_NS_ASSERTIONS = NO;
				ENABLE_STRICT_OBJC_MSGSEND = YES;
				GCC_C_LANGUAGE_STANDARD = gnu11;
				GCC_NO_COMMON_BLOCKS = YES;
				GCC_WARN_64_TO_32_BIT_CONVERSION = YES;
				GCC_WARN_ABOUT_RETURN_TYPE = YES_ERROR;
				GCC_WARN_UNDECLARED_SELECTOR = YES;
				GCC_WARN_UNINITIALIZED_AUTOS = YES_AGGRESSIVE;
				GCC_WARN_UNUSED_FUNCTION = YES;
				GCC_WARN_UNUSED_VARIABLE = YES;
				IPHONEOS_DEPLOYMENT_TARGET = 15.0;
				MTL_ENABLE_DEBUG_INFO = NO;
				MTL_FAST_MATH = YES;
				SDKROOT = iphoneos;
				SWIFT_COMPILATION_MODE = wholemodule;
				SWIFT_OPTIMIZATION_LEVEL = "-O";
				VALIDATE_PRODUCT = YES;
			};
			name = Release;
		};
		849BC3DB276384C40094A929 /* Debug */ = {
			isa = XCBuildConfiguration;
			buildSettings = {
				ASSETCATALOG_COMPILER_APPICON_NAME = AppIcon;
				ASSETCATALOG_COMPILER_GLOBAL_ACCENT_COLOR_NAME = AccentColor;
				CODE_SIGN_STYLE = Automatic;
				CURRENT_PROJECT_VERSION = 1;
				DEVELOPMENT_TEAM = 245L36N25P;
				GENERATE_INFOPLIST_FILE = YES;
				INFOPLIST_FILE = "LaunchAppMVP+R+UIKit/Core/Info.plist";
				INFOPLIST_KEY_UIApplicationSupportsIndirectInputEvents = YES;
				INFOPLIST_KEY_UILaunchStoryboardName = LaunchScreen;
				INFOPLIST_KEY_UISupportedInterfaceOrientations_iPad = "UIInterfaceOrientationPortrait UIInterfaceOrientationPortraitUpsideDown UIInterfaceOrientationLandscapeLeft UIInterfaceOrientationLandscapeRight";
				INFOPLIST_KEY_UISupportedInterfaceOrientations_iPhone = "UIInterfaceOrientationPortrait UIInterfaceOrientationLandscapeLeft UIInterfaceOrientationLandscapeRight";
				LD_RUNPATH_SEARCH_PATHS = (
					"$(inherited)",
					"@executable_path/Frameworks",
				);
				MARKETING_VERSION = 1.0;
				PRODUCT_BUNDLE_IDENTIFIER = "Drogonov.LaunchAppMVP-R-UIKit";
				PRODUCT_NAME = "$(TARGET_NAME)";
				SWIFT_EMIT_LOC_STRINGS = YES;
				SWIFT_VERSION = 5.0;
				TARGETED_DEVICE_FAMILY = "1,2";
			};
			name = Debug;
		};
		849BC3DC276384C40094A929 /* Release */ = {
			isa = XCBuildConfiguration;
			buildSettings = {
				ASSETCATALOG_COMPILER_APPICON_NAME = AppIcon;
				ASSETCATALOG_COMPILER_GLOBAL_ACCENT_COLOR_NAME = AccentColor;
				CODE_SIGN_STYLE = Automatic;
				CURRENT_PROJECT_VERSION = 1;
				DEVELOPMENT_TEAM = 245L36N25P;
				GENERATE_INFOPLIST_FILE = YES;
				INFOPLIST_FILE = "LaunchAppMVP+R+UIKit/Core/Info.plist";
				INFOPLIST_KEY_UIApplicationSupportsIndirectInputEvents = YES;
				INFOPLIST_KEY_UILaunchStoryboardName = LaunchScreen;
				INFOPLIST_KEY_UISupportedInterfaceOrientations_iPad = "UIInterfaceOrientationPortrait UIInterfaceOrientationPortraitUpsideDown UIInterfaceOrientationLandscapeLeft UIInterfaceOrientationLandscapeRight";
				INFOPLIST_KEY_UISupportedInterfaceOrientations_iPhone = "UIInterfaceOrientationPortrait UIInterfaceOrientationLandscapeLeft UIInterfaceOrientationLandscapeRight";
				LD_RUNPATH_SEARCH_PATHS = (
					"$(inherited)",
					"@executable_path/Frameworks",
				);
				MARKETING_VERSION = 1.0;
				PRODUCT_BUNDLE_IDENTIFIER = "Drogonov.LaunchAppMVP-R-UIKit";
				PRODUCT_NAME = "$(TARGET_NAME)";
				SWIFT_EMIT_LOC_STRINGS = YES;
				SWIFT_VERSION = 5.0;
				TARGETED_DEVICE_FAMILY = "1,2";
			};
			name = Release;
		};
/* End XCBuildConfiguration section */

/* Begin XCConfigurationList section */
		849BC3AB276384C20094A929 /* Build configuration list for PBXProject "LaunchAppMVP+R+UIKit" */ = {
			isa = XCConfigurationList;
			buildConfigurations = (
				849BC3D8276384C40094A929 /* Debug */,
				849BC3D9276384C40094A929 /* Release */,
			);
			defaultConfigurationIsVisible = 0;
			defaultConfigurationName = Release;
		};
		849BC3DA276384C40094A929 /* Build configuration list for PBXNativeTarget "LaunchAppMVP+R+UIKit" */ = {
			isa = XCConfigurationList;
			buildConfigurations = (
				849BC3DB276384C40094A929 /* Debug */,
				849BC3DC276384C40094A929 /* Release */,
			);
			defaultConfigurationIsVisible = 0;
			defaultConfigurationName = Release;
		};
/* End XCConfigurationList section */

/* Begin XCRemoteSwiftPackageReference section */
		8424A0EF276C598F00221CEE /* XCRemoteSwiftPackageReference "Kingfisher" */ = {
			isa = XCRemoteSwiftPackageReference;
			repositoryURL = "https://github.com/onevcat/Kingfisher.git";
			requirement = {
				kind = upToNextMajorVersion;
				minimumVersion = 7.0.0;
			};
		};
		8477B5F9276630B000B9100B /* XCRemoteSwiftPackageReference "Moya" */ = {
			isa = XCRemoteSwiftPackageReference;
			repositoryURL = "https://github.com/Moya/Moya";
			requirement = {
				kind = upToNextMajorVersion;
				minimumVersion = 13.0.0;
			};
		};
/* End XCRemoteSwiftPackageReference section */

/* Begin XCSwiftPackageProductDependency section */
		8424A0F0276C598F00221CEE /* Kingfisher */ = {
			isa = XCSwiftPackageProductDependency;
			package = 8424A0EF276C598F00221CEE /* XCRemoteSwiftPackageReference "Kingfisher" */;
			productName = Kingfisher;
		};
		8477B5FA276630B000B9100B /* Moya */ = {
			isa = XCSwiftPackageProductDependency;
			package = 8477B5F9276630B000B9100B /* XCRemoteSwiftPackageReference "Moya" */;
			productName = Moya;
		};
/* End XCSwiftPackageProductDependency section */
	};
	rootObject = 849BC3A8276384C20094A929 /* Project object */;
}
